
Microsoft Visual Studio Solution File, Format Version 12.00
# Visual Studio 14
VisualStudioVersion = 14.0.23107.0
MinimumVisualStudioVersion = 10.0.40219.1
Project("{FAE04EC0-301F-11D3-BF4B-00C04F79EFBC}") = "SD21MVCPractice", "SD21MVCPractice\SD21MVCPractice.csproj", "{5AAA44F0-3850-4946-A257-3725E8A9B404}"
EndProject
Project("{FAE04EC0-301F-11D3-BF4B-00C04F79EFBC}") = "SD21MVCPractice.Tests", "SD21MVCPractice.Tests\SD21MVCPractice.Tests.csproj", "{DBC2A87B-DCAE-4784-A9BA-919186BC4018}"
EndProject
Global
	GlobalSection(SolutionConfigurationPlatforms) = preSolution
		Debug|Any CPU = Debug|Any CPU
		Release|Any CPU = Release|Any CPU
	EndGlobalSection
	GlobalSection(ProjectConfigurationPlatforms) = postSolution
		{5AAA44F0-3850-4946-A257-3725E8A9B404}.Debug|Any CPU.ActiveCfg = Debug|Any CPU
		{5AAA44F0-3850-4946-A257-3725E8A9B404}.Debug|Any CPU.Build.0 = Debug|Any CPU
		{5AAA44F0-3850-4946-A257-3725E8A9B404}.Release|Any CPU.ActiveCfg = Release|Any CPU
		{5AAA44F0-3850-4946-A257-3725E8A9B404}.Release|Any CPU.Build.0 = Release|Any CPU
		{DBC2A87B-DCAE-4784-A9BA-919186BC4018}.Debug|Any CPU.ActiveCfg = Debug|Any CPU
		{DBC2A87B-DCAE-4784-A9BA-919186BC4018}.Debug|Any CPU.Build.0 = Debug|Any CPU
		{DBC2A87B-DCAE-4784-A9BA-919186BC4018}.Release|Any CPU.ActiveCfg = Release|Any CPU
		{DBC2A87B-DCAE-4784-A9BA-919186BC4018}.Release|Any CPU.Build.0 = Release|Any CPU
	EndGlobalSection
	GlobalSection(SolutionProperties) = preSolution
		HideSolutionNode = FALSE
	EndGlobalSection
EndGlobal
